# This file is automatically @generated by Cargo.
# It is not intended for manual editing.
version = 3

[[package]]
name = "SeaSh"
version = "0.1.0"
dependencies = [
 "lliw",
]

[[package]]
name = "lliw"
version = "0.1.2"
source = "registry+https://github.com/rust-lang/crates.io-index"
checksum = "95a2fc354c42ab799761c289ec29b7c75d5b3c6dc670daa07f9ed8ac0b74440c"
